
Microsoft Visual Studio Solution File, Format Version 12.00
# Visual Studio Version 17
VisualStudioVersion = 17.0.31903.59
MinimumVisualStudioVersion = 10.0.40219.1
Project("{FAE04EC0-301F-11D3-BF4B-00C04F79EFBC}") = "Godot3dFighter", "Godot3dFighter.csproj", "{F46AEA81-6293-4A5F-BDC4-4A66E0CD636A}"
EndProject
Project("{2150E333-8FDC-42A3-9474-1A3956D46DE8}") = "src", "src", "{827E0CD3-B72D-47B6-A68D-7590B98EB39B}"
EndProject
Project("{FAE04EC0-301F-11D3-BF4B-00C04F79EFBC}") = "Core", "src\Core\Core.csproj", "{11607F35-664E-4630-A0A5-0400347F2D9A}"
EndProject
Project("{2150E333-8FDC-42A3-9474-1A3956D46DE8}") = "tests", "tests", "{0AB3BF05-4346-4AA6-1389-037BE0695223}"
EndProject
Project("{FAE04EC0-301F-11D3-BF4B-00C04F79EFBC}") = "Core.Tests", "tests\Core.Tests\Core.Tests.csproj", "{43213955-AAB8-4216-B1C7-919033B67F0F}"
EndProject
Project("{2150E333-8FDC-42A3-9474-1A3956D46DE8}") = "tools", "tools", "{07C2787E-EAC7-C090-1BA3-A61EC2A24D84}"
EndProject
Project("{FAE04EC0-301F-11D3-BF4B-00C04F79EFBC}") = "GenTables", "tools\GenTables\GenTables.csproj", "{8B5CBB53-8E76-4B8D-B2DE-34E5352B2265}"
EndProject
Global
	GlobalSection(SolutionConfigurationPlatforms) = preSolution
		Debug|Any CPU = Debug|Any CPU
		Debug|x64 = Debug|x64
		Debug|x86 = Debug|x86
		Release|Any CPU = Release|Any CPU
		Release|x64 = Release|x64
		Release|x86 = Release|x86
	EndGlobalSection
	GlobalSection(ProjectConfigurationPlatforms) = postSolution
		{F46AEA81-6293-4A5F-BDC4-4A66E0CD636A}.Debug|Any CPU.ActiveCfg = Debug|Any CPU
		{F46AEA81-6293-4A5F-BDC4-4A66E0CD636A}.Debug|Any CPU.Build.0 = Debug|Any CPU
		{F46AEA81-6293-4A5F-BDC4-4A66E0CD636A}.Debug|x64.ActiveCfg = Debug|Any CPU
		{F46AEA81-6293-4A5F-BDC4-4A66E0CD636A}.Debug|x64.Build.0 = Debug|Any CPU
		{F46AEA81-6293-4A5F-BDC4-4A66E0CD636A}.Debug|x86.ActiveCfg = Debug|Any CPU
		{F46AEA81-6293-4A5F-BDC4-4A66E0CD636A}.Debug|x86.Build.0 = Debug|Any CPU
		{F46AEA81-6293-4A5F-BDC4-4A66E0CD636A}.Release|Any CPU.ActiveCfg = Debug|Any CPU
		{F46AEA81-6293-4A5F-BDC4-4A66E0CD636A}.Release|Any CPU.Build.0 = Debug|Any CPU
		{F46AEA81-6293-4A5F-BDC4-4A66E0CD636A}.Release|x64.ActiveCfg = Debug|Any CPU
		{F46AEA81-6293-4A5F-BDC4-4A66E0CD636A}.Release|x64.Build.0 = Debug|Any CPU
		{F46AEA81-6293-4A5F-BDC4-4A66E0CD636A}.Release|x86.ActiveCfg = Debug|Any CPU
		{F46AEA81-6293-4A5F-BDC4-4A66E0CD636A}.Release|x86.Build.0 = Debug|Any CPU
		{11607F35-664E-4630-A0A5-0400347F2D9A}.Debug|Any CPU.ActiveCfg = Debug|Any CPU
		{11607F35-664E-4630-A0A5-0400347F2D9A}.Debug|Any CPU.Build.0 = Debug|Any CPU
		{11607F35-664E-4630-A0A5-0400347F2D9A}.Debug|x64.ActiveCfg = Debug|Any CPU
		{11607F35-664E-4630-A0A5-0400347F2D9A}.Debug|x64.Build.0 = Debug|Any CPU
		{11607F35-664E-4630-A0A5-0400347F2D9A}.Debug|x86.ActiveCfg = Debug|Any CPU
		{11607F35-664E-4630-A0A5-0400347F2D9A}.Debug|x86.Build.0 = Debug|Any CPU
		{11607F35-664E-4630-A0A5-0400347F2D9A}.Release|Any CPU.ActiveCfg = Release|Any CPU
		{11607F35-664E-4630-A0A5-0400347F2D9A}.Release|Any CPU.Build.0 = Release|Any CPU
		{11607F35-664E-4630-A0A5-0400347F2D9A}.Release|x64.ActiveCfg = Release|Any CPU
		{11607F35-664E-4630-A0A5-0400347F2D9A}.Release|x64.Build.0 = Release|Any CPU
		{11607F35-664E-4630-A0A5-0400347F2D9A}.Release|x86.ActiveCfg = Release|Any CPU
		{11607F35-664E-4630-A0A5-0400347F2D9A}.Release|x86.Build.0 = Release|Any CPU
		{43213955-AAB8-4216-B1C7-919033B67F0F}.Debug|Any CPU.ActiveCfg = Debug|Any CPU
		{43213955-AAB8-4216-B1C7-919033B67F0F}.Debug|Any CPU.Build.0 = Debug|Any CPU
		{43213955-AAB8-4216-B1C7-919033B67F0F}.Debug|x64.ActiveCfg = Debug|Any CPU
		{43213955-AAB8-4216-B1C7-919033B67F0F}.Debug|x64.Build.0 = Debug|Any CPU
		{43213955-AAB8-4216-B1C7-919033B67F0F}.Debug|x86.ActiveCfg = Debug|Any CPU
		{43213955-AAB8-4216-B1C7-919033B67F0F}.Debug|x86.Build.0 = Debug|Any CPU
		{43213955-AAB8-4216-B1C7-919033B67F0F}.Release|Any CPU.ActiveCfg = Release|Any CPU
		{43213955-AAB8-4216-B1C7-919033B67F0F}.Release|Any CPU.Build.0 = Release|Any CPU
		{43213955-AAB8-4216-B1C7-919033B67F0F}.Release|x64.ActiveCfg = Release|Any CPU
		{43213955-AAB8-4216-B1C7-919033B67F0F}.Release|x64.Build.0 = Release|Any CPU
		{43213955-AAB8-4216-B1C7-919033B67F0F}.Release|x86.ActiveCfg = Release|Any CPU
		{43213955-AAB8-4216-B1C7-919033B67F0F}.Release|x86.Build.0 = Release|Any CPU
		{8B5CBB53-8E76-4B8D-B2DE-34E5352B2265}.Debug|Any CPU.ActiveCfg = Debug|Any CPU
		{8B5CBB53-8E76-4B8D-B2DE-34E5352B2265}.Debug|Any CPU.Build.0 = Debug|Any CPU
		{8B5CBB53-8E76-4B8D-B2DE-34E5352B2265}.Debug|x64.ActiveCfg = Debug|Any CPU
		{8B5CBB53-8E76-4B8D-B2DE-34E5352B2265}.Debug|x64.Build.0 = Debug|Any CPU
		{8B5CBB53-8E76-4B8D-B2DE-34E5352B2265}.Debug|x86.ActiveCfg = Debug|Any CPU
		{8B5CBB53-8E76-4B8D-B2DE-34E5352B2265}.Debug|x86.Build.0 = Debug|Any CPU
		{8B5CBB53-8E76-4B8D-B2DE-34E5352B2265}.Release|Any CPU.ActiveCfg = Release|Any CPU
		{8B5CBB53-8E76-4B8D-B2DE-34E5352B2265}.Release|Any CPU.Build.0 = Release|Any CPU
		{8B5CBB53-8E76-4B8D-B2DE-34E5352B2265}.Release|x64.ActiveCfg = Release|Any CPU
		{8B5CBB53-8E76-4B8D-B2DE-34E5352B2265}.Release|x64.Build.0 = Release|Any CPU
		{8B5CBB53-8E76-4B8D-B2DE-34E5352B2265}.Release|x86.ActiveCfg = Release|Any CPU
		{8B5CBB53-8E76-4B8D-B2DE-34E5352B2265}.Release|x86.Build.0 = Release|Any CPU
	EndGlobalSection
	GlobalSection(SolutionProperties) = preSolution
		HideSolutionNode = FALSE
	EndGlobalSection
	GlobalSection(NestedProjects) = preSolution
		{11607F35-664E-4630-A0A5-0400347F2D9A} = {827E0CD3-B72D-47B6-A68D-7590B98EB39B}
		{43213955-AAB8-4216-B1C7-919033B67F0F} = {0AB3BF05-4346-4AA6-1389-037BE0695223}
		{8B5CBB53-8E76-4B8D-B2DE-34E5352B2265} = {07C2787E-EAC7-C090-1BA3-A61EC2A24D84}
	EndGlobalSection
EndGlobal
